{
  "name": "Omittable",
  "version": "0.6.0",
  "lockfileVersion": 3,
  "requires": true,
  "packages": {
    "": {
      "name": "Omittable",
      "version": "0.6.0",
      "workspaces": [
        "packages/Omittable-omittable",
        "packages/Omittable-omittable-test"
      ],
      "devDependencies": {}
    },
    "node_modules/Omittable-omittable": {
      "resolved": "packages/Omittable-omittable",
      "link": true
    },
    "node_modules/Omittable-omittable-test": {
      "resolved": "packages/Omittable-omittable-test",
      "link": true
    },
    "packages/Omittable-omittable": {
      "version": "0.6.0",
      "devDependencies": {}
    },
    "packages/Omittable-omittable-test": {
      "version": "0.6.0",
      "devDependencies": {}
    }
  }
}
